
Microsoft Visual Studio Solution File, Format Version 12.00
# Visual Studio 15
VisualStudioVersion = 15.0.28307.1525
MinimumVisualStudioVersion = 10.0.40219.1
Project("{FAE04EC0-301F-11D3-BF4B-00C04F79EFBC}") = "CorporationProjeto", "CorporationProjeto\CorporationProjeto.csproj", "{145E455F-0784-416D-A126-173DF959D906}"
EndProject
Global
	GlobalSection(SolutionConfigurationPlatforms) = preSolution
		Debug|Any CPU = Debug|Any CPU
		Release|Any CPU = Release|Any CPU
	EndGlobalSection
	GlobalSection(ProjectConfigurationPlatforms) = postSolution
		{145E455F-0784-416D-A126-173DF959D906}.Debug|Any CPU.ActiveCfg = Debug|Any CPU
		{145E455F-0784-416D-A126-173DF959D906}.Debug|Any CPU.Build.0 = Debug|Any CPU
		{145E455F-0784-416D-A126-173DF959D906}.Release|Any CPU.ActiveCfg = Release|Any CPU
		{145E455F-0784-416D-A126-173DF959D906}.Release|Any CPU.Build.0 = Release|Any CPU
	EndGlobalSection
	GlobalSection(SolutionProperties) = preSolution
		HideSolutionNode = FALSE
	EndGlobalSection
	GlobalSection(ExtensibilityGlobals) = postSolution
		SolutionGuid = {DD10C2BB-3196-4439-A4C4-58916FC05BFE}
	EndGlobalSection
EndGlobal
